
Microsoft Visual Studio Solution File, Format Version 12.00
# Visual Studio Version 16
VisualStudioVersion = 16.0.29509.3
MinimumVisualStudioVersion = 10.0.40219.1
Project("{9A19103F-16F7-4668-BE54-9A1E7A4F7556}") = "TesteDesingPatterns", "TesteDesingPatterns.csproj", "{A7A6CBDB-E2F0-4E9C-9DB1-9470FC2DAF68}"
EndProject
Global
	GlobalSection(SolutionConfigurationPlatforms) = preSolution
		Debug|Any CPU = Debug|Any CPU
		Release|Any CPU = Release|Any CPU
	EndGlobalSection
	GlobalSection(ProjectConfigurationPlatforms) = postSolution
		{A7A6CBDB-E2F0-4E9C-9DB1-9470FC2DAF68}.Debug|Any CPU.ActiveCfg = Debug|Any CPU
		{A7A6CBDB-E2F0-4E9C-9DB1-9470FC2DAF68}.Debug|Any CPU.Build.0 = Debug|Any CPU
		{A7A6CBDB-E2F0-4E9C-9DB1-9470FC2DAF68}.Release|Any CPU.ActiveCfg = Release|Any CPU
		{A7A6CBDB-E2F0-4E9C-9DB1-9470FC2DAF68}.Release|Any CPU.Build.0 = Release|Any CPU
	EndGlobalSection
	GlobalSection(SolutionProperties) = preSolution
		HideSolutionNode = FALSE
	EndGlobalSection
	GlobalSection(ExtensibilityGlobals) = postSolution
		SolutionGuid = {8CE9C566-52C6-4B1C-A4A8-47C45F3FB47D}
	EndGlobalSection
EndGlobal
